{
  "name": "vscode-markdown-helper",
  "version": "1.0.5",
  "lockfileVersion": 3,
  "requires": true,
  "packages": {
    "": {
      "name": "vscode-markdown-helper",
      "version": "1.0.5",
      "license": "MIT",
      "dependencies": {
        "@constneo/add": "^1.0.1",
        "dayjs": "^1.11.13"
      },
      "devDependencies": {
        "@types/node": "^22.13.14",
        "@types/vscode": "^1.98.0"
      },
      "engines": {
        "vscode": "^1.98.0"
      }
    },
    "node_modules/@constneo/add": {
      "version": "1.0.1",
      "resolved": "https://registry.npmjs.org/@constneo/add/-/add-1.0.1.tgz",
      "integrity": "sha512-MqWWGkAphyCK2f8b3IJA+l8zNVHkQQT8DWcHiQpQHH1l2Fo8k8vtnRGiiDnQv7ox+DVQmdIZeY9i2SkpgsGzJA==",
      "license": "MIT",
      "dependencies": {
        "@constneo/add": "^1.0.0"
      }
    },
    "node_modules/@types/node": {
      "version": "22.13.14",
      "resolved": "https://registry.npmmirror.com/@types/node/-/node-22.13.14.tgz",
      "integrity": "sha512-Zs/Ollc1SJ8nKUAgc7ivOEdIBM8JAKgrqqUYi2J997JuKO7/tpQC+WCetQ1sypiKCQWHdvdg9wBNpUPEWZae7w==",
      "dev": true,
      "license": "MIT",
      "dependencies": {
        "undici-types": "~6.20.0"
      }
    },
    "node_modules/@types/vscode": {
      "version": "1.98.0",
      "resolved": "https://registry.npmmirror.com/@types/vscode/-/vscode-1.98.0.tgz",
      "integrity": "sha512-+KuiWhpbKBaG2egF+51KjbGWatTH5BbmWQjSLMDCssb4xF8FJnW4nGH4nuAdOOfMbpD0QlHtI+C3tPq+DoKElg==",
      "dev": true,
      "license": "MIT"
    },
    "node_modules/dayjs": {
      "version": "1.11.13",
      "resolved": "https://registry.npmjs.org/dayjs/-/dayjs-1.11.13.tgz",
      "integrity": "sha512-oaMBel6gjolK862uaPQOVTA7q3TZhuSvuMQAAglQDOWYO9A91IrAOUJEyKVlqJlHE0vq5p5UXxzdPfMH/x6xNg==",
      "license": "MIT"
    },
    "node_modules/undici-types": {
      "version": "6.20.0",
      "resolved": "https://registry.npmmirror.com/undici-types/-/undici-types-6.20.0.tgz",
      "integrity": "sha512-Ny6QZ2Nju20vw1SRHe3d9jVu6gJ+4e3+MMpqu7pqE5HT6WsTSlce++GQmK5UXS8mzV8DSYHrQH+Xrf2jVcuKNg==",
      "dev": true,
      "license": "MIT"
    }
  }
}
